
Microsoft Visual Studio Solution File, Format Version 12.00
# Visual Studio Version 16
VisualStudioVersion = 16.0.31025.194
MinimumVisualStudioVersion = 10.0.40219.1
Project("{FAE04EC0-301F-11D3-BF4B-00C04F79EFBC}") = "DataAccess", "DataAccess\DataAccess.csproj", "{38DCD3E6-B6EB-4EE6-B95B-2A625DF3E44C}"
EndProject
Project("{FAE04EC0-301F-11D3-BF4B-00C04F79EFBC}") = "Business", "Business\Business.csproj", "{89E2B8FA-CF5A-4234-8B66-1A89F0E55AAB}"
EndProject
Project("{FAE04EC0-301F-11D3-BF4B-00C04F79EFBC}") = "Entities", "Entities\Entities.csproj", "{028E56D5-DE4B-4B57-894A-BEDA7256D012}"
EndProject
Project("{FAE04EC0-301F-11D3-BF4B-00C04F79EFBC}") = "ConsoleUI", "ConsoleUI\ConsoleUI.csproj", "{869968BF-1084-41B5-A24B-F013FFE1597B}"
EndProject
Global
	GlobalSection(SolutionConfigurationPlatforms) = preSolution
		Debug|Any CPU = Debug|Any CPU
		Release|Any CPU = Release|Any CPU
	EndGlobalSection
	GlobalSection(ProjectConfigurationPlatforms) = postSolution
		{38DCD3E6-B6EB-4EE6-B95B-2A625DF3E44C}.Debug|Any CPU.ActiveCfg = Debug|Any CPU
		{38DCD3E6-B6EB-4EE6-B95B-2A625DF3E44C}.Debug|Any CPU.Build.0 = Debug|Any CPU
		{38DCD3E6-B6EB-4EE6-B95B-2A625DF3E44C}.Release|Any CPU.ActiveCfg = Release|Any CPU
		{38DCD3E6-B6EB-4EE6-B95B-2A625DF3E44C}.Release|Any CPU.Build.0 = Release|Any CPU
		{89E2B8FA-CF5A-4234-8B66-1A89F0E55AAB}.Debug|Any CPU.ActiveCfg = Debug|Any CPU
		{89E2B8FA-CF5A-4234-8B66-1A89F0E55AAB}.Debug|Any CPU.Build.0 = Debug|Any CPU
		{89E2B8FA-CF5A-4234-8B66-1A89F0E55AAB}.Release|Any CPU.ActiveCfg = Release|Any CPU
		{89E2B8FA-CF5A-4234-8B66-1A89F0E55AAB}.Release|Any CPU.Build.0 = Release|Any CPU
		{028E56D5-DE4B-4B57-894A-BEDA7256D012}.Debug|Any CPU.ActiveCfg = Debug|Any CPU
		{028E56D5-DE4B-4B57-894A-BEDA7256D012}.Debug|Any CPU.Build.0 = Debug|Any CPU
		{028E56D5-DE4B-4B57-894A-BEDA7256D012}.Release|Any CPU.ActiveCfg = Release|Any CPU
		{028E56D5-DE4B-4B57-894A-BEDA7256D012}.Release|Any CPU.Build.0 = Release|Any CPU
		{869968BF-1084-41B5-A24B-F013FFE1597B}.Debug|Any CPU.ActiveCfg = Debug|Any CPU
		{869968BF-1084-41B5-A24B-F013FFE1597B}.Debug|Any CPU.Build.0 = Debug|Any CPU
		{869968BF-1084-41B5-A24B-F013FFE1597B}.Release|Any CPU.ActiveCfg = Release|Any CPU
		{869968BF-1084-41B5-A24B-F013FFE1597B}.Release|Any CPU.Build.0 = Release|Any CPU
	EndGlobalSection
	GlobalSection(SolutionProperties) = preSolution
		HideSolutionNode = FALSE
	EndGlobalSection
	GlobalSection(ExtensibilityGlobals) = postSolution
		SolutionGuid = {9612BD45-2422-4181-B0FE-A9767DD45842}
	EndGlobalSection
EndGlobal
